
Microsoft Visual Studio Solution File, Format Version 12.00
# Visual Studio Version 17
VisualStudioVersion = 17.14.36401.2 d17.14
MinimumVisualStudioVersion = 10.0.40219.1
Project("{FAE04EC0-301F-11D3-BF4B-00C04F79EFBC}") = "Numbersgame", "Numbersgame\Numbersgame.csproj", "{EBC83AA5-057E-4DAC-8EC9-7E1D376FAD30}"
EndProject
Global
	GlobalSection(SolutionConfigurationPlatforms) = preSolution
		Debug|Any CPU = Debug|Any CPU
		Release|Any CPU = Release|Any CPU
	EndGlobalSection
	GlobalSection(ProjectConfigurationPlatforms) = postSolution
		{EBC83AA5-057E-4DAC-8EC9-7E1D376FAD30}.Debug|Any CPU.ActiveCfg = Debug|Any CPU
		{EBC83AA5-057E-4DAC-8EC9-7E1D376FAD30}.Debug|Any CPU.Build.0 = Debug|Any CPU
		{EBC83AA5-057E-4DAC-8EC9-7E1D376FAD30}.Release|Any CPU.ActiveCfg = Release|Any CPU
		{EBC83AA5-057E-4DAC-8EC9-7E1D376FAD30}.Release|Any CPU.Build.0 = Release|Any CPU
	EndGlobalSection
	GlobalSection(SolutionProperties) = preSolution
		HideSolutionNode = FALSE
	EndGlobalSection
	GlobalSection(ExtensibilityGlobals) = postSolution
		SolutionGuid = {A0285FB5-E6E7-44EA-8A4D-EF99940917C7}
	EndGlobalSection
EndGlobal
